
Microsoft Visual Studio Solution File, Format Version 12.00
# Visual Studio Version 17
VisualStudioVersion = 17.4.33213.308
MinimumVisualStudioVersion = 10.0.40219.1
Project("{FAE04EC0-301F-11D3-BF4B-00C04F79EFBC}") = "LearnBasApiNet7b01", "LearnBasApiNet7b01\LearnBasApiNet7b01.csproj", "{7E5AC4A2-ABAA-4F79-AE0A-0D254C33934E}"
EndProject
Global
	GlobalSection(SolutionConfigurationPlatforms) = preSolution
		Debug|Any CPU = Debug|Any CPU
		Release|Any CPU = Release|Any CPU
	EndGlobalSection
	GlobalSection(ProjectConfigurationPlatforms) = postSolution
		{7E5AC4A2-ABAA-4F79-AE0A-0D254C33934E}.Debug|Any CPU.ActiveCfg = Debug|Any CPU
		{7E5AC4A2-ABAA-4F79-AE0A-0D254C33934E}.Debug|Any CPU.Build.0 = Debug|Any CPU
		{7E5AC4A2-ABAA-4F79-AE0A-0D254C33934E}.Release|Any CPU.ActiveCfg = Release|Any CPU
		{7E5AC4A2-ABAA-4F79-AE0A-0D254C33934E}.Release|Any CPU.Build.0 = Release|Any CPU
	EndGlobalSection
	GlobalSection(SolutionProperties) = preSolution
		HideSolutionNode = FALSE
	EndGlobalSection
	GlobalSection(ExtensibilityGlobals) = postSolution
		SolutionGuid = {7E1AB859-1074-456E-BA8C-9412FC0B843C}
	EndGlobalSection
EndGlobal
