
Microsoft Visual Studio Solution File, Format Version 12.00
# Visual Studio Version 17
VisualStudioVersion = 17.4.33213.308
MinimumVisualStudioVersion = 10.0.40219.1
Project("{FAE04EC0-301F-11D3-BF4B-00C04F79EFBC}") = "LearnBGenRepoUOWNet7b01", "LearnBGenRepoUOWNet7b01\LearnBGenRepoUOWNet7b01.csproj", "{18DFA17A-274C-4218-A9D1-9E3D7887C8FF}"
EndProject
Project("{FAE04EC0-301F-11D3-BF4B-00C04F79EFBC}") = "MovieManagement.Domain", "MovieManagement.Domain\MovieManagement.Domain.csproj", "{33EC789C-5A8B-402D-B634-444C29F85780}"
EndProject
Project("{FAE04EC0-301F-11D3-BF4B-00C04F79EFBC}") = "MovieManagement.DataAccess", "MovieManagement.DataAccess\MovieManagement.DataAccess.csproj", "{E4376223-6788-49D5-AC00-9CBA39173643}"
EndProject
Global
	GlobalSection(SolutionConfigurationPlatforms) = preSolution
		Debug|Any CPU = Debug|Any CPU
		Release|Any CPU = Release|Any CPU
	EndGlobalSection
	GlobalSection(ProjectConfigurationPlatforms) = postSolution
		{18DFA17A-274C-4218-A9D1-9E3D7887C8FF}.Debug|Any CPU.ActiveCfg = Debug|Any CPU
		{18DFA17A-274C-4218-A9D1-9E3D7887C8FF}.Debug|Any CPU.Build.0 = Debug|Any CPU
		{18DFA17A-274C-4218-A9D1-9E3D7887C8FF}.Release|Any CPU.ActiveCfg = Release|Any CPU
		{18DFA17A-274C-4218-A9D1-9E3D7887C8FF}.Release|Any CPU.Build.0 = Release|Any CPU
		{33EC789C-5A8B-402D-B634-444C29F85780}.Debug|Any CPU.ActiveCfg = Debug|Any CPU
		{33EC789C-5A8B-402D-B634-444C29F85780}.Debug|Any CPU.Build.0 = Debug|Any CPU
		{33EC789C-5A8B-402D-B634-444C29F85780}.Release|Any CPU.ActiveCfg = Release|Any CPU
		{33EC789C-5A8B-402D-B634-444C29F85780}.Release|Any CPU.Build.0 = Release|Any CPU
		{E4376223-6788-49D5-AC00-9CBA39173643}.Debug|Any CPU.ActiveCfg = Debug|Any CPU
		{E4376223-6788-49D5-AC00-9CBA39173643}.Debug|Any CPU.Build.0 = Debug|Any CPU
		{E4376223-6788-49D5-AC00-9CBA39173643}.Release|Any CPU.ActiveCfg = Release|Any CPU
		{E4376223-6788-49D5-AC00-9CBA39173643}.Release|Any CPU.Build.0 = Release|Any CPU
	EndGlobalSection
	GlobalSection(SolutionProperties) = preSolution
		HideSolutionNode = FALSE
	EndGlobalSection
	GlobalSection(ExtensibilityGlobals) = postSolution
		SolutionGuid = {89CD51E2-E41C-44A2-AD9C-6F6898D42A8F}
	EndGlobalSection
EndGlobal
